<?xml version="1.0" encoding="utf-8"?>
<Project ToolsVersion="4.0" xmlns="http://schemas.microsoft.com/developer/msbuild/2003">
  <ItemGroup>
    <Filter Include="源文件">
      <UniqueIdentifier>{4FC737F1-C7A5-4376-A066-2A32D752A2FF}</UniqueIdentifier>
      <Extensions>cpp;c;cc;cxx;c++;cppm;ixx;def;odl;idl;hpj;bat;asm;asmx</Extensions>
    </Filter>
    <Filter Include="头文件">
      <UniqueIdentifier>{93995380-89BD-4b04-88EB-625FBE52EBFB}</UniqueIdentifier>
      <Extensions>h;hh;hpp;hxx;h++;hm;inl;inc;ipp;xsd</Extensions>
    </Filter>
    <Filter Include="资源文件">
      <UniqueIdentifier>{67DA6AB6-F800-4c08-8B7A-83BB121AAD01}</UniqueIdentifier>
      <Extensions>rc;ico;cur;bmp;dlg;rc2;rct;bin;rgs;gif;jpg;jpeg;jpe;resx;tiff;tif;png;wav;mfcribbon-ms</Extensions>
    </Filter>
    <Filter Include="源文件\cJSON">
      <UniqueIdentifier>{5a629495-6fde-46fd-9be1-305c459fdc74}</UniqueIdentifier>
    </Filter>
    <Filter Include="头文件\manager">
      <UniqueIdentifier>{f4964a2f-0c55-4f73-aa9a-012da23b807e}</UniqueIdentifier>
    </Filter>
    <Filter Include="头文件\physical">
      <UniqueIdentifier>{520f6431-dbf8-4d89-83a9-dc008b203c43}</UniqueIdentifier>
    </Filter>
    <Filter Include="头文件\object">
      <UniqueIdentifier>{b3d82395-4e05-40d9-ad8e-8657a81e17fb}</UniqueIdentifier>
    </Filter>
    <Filter Include="头文件\map">
      <UniqueIdentifier>{17d684a1-1113-4f08-afc6-46de824a7f2a}</UniqueIdentifier>
    </Filter>
  </ItemGroup>
  <ItemGroup>
    <ClCompile Include="源.cpp">
      <Filter>源文件</Filter>
    </ClCompile>
    <ClCompile Include="thirdparty\cJSON\cJSON.c">
      <Filter>源文件\cJSON</Filter>
    </ClCompile>
    <ClCompile Include="game_manager.cpp">
      <Filter>头文件\manager</Filter>
    </ClCompile>
    <ClCompile Include="vector2.cpp">
      <Filter>头文件</Filter>
    </ClCompile>
    <ClCompile Include="timer.cpp">
      <Filter>头文件</Filter>
    </ClCompile>
    <ClCompile Include="physics_collide_box.cpp">
      <Filter>头文件\physical</Filter>
    </ClCompile>
    <ClCompile Include="force.cpp">
      <Filter>头文件\physical</Filter>
    </ClCompile>
    <ClCompile Include="accelerated_speed.cpp">
      <Filter>头文件\physical</Filter>
    </ClCompile>
    <ClCompile Include="velocity.cpp">
      <Filter>头文件\physical</Filter>
    </ClCompile>
    <ClCompile Include="impulse.cpp">
      <Filter>头文件\physical</Filter>
    </ClCompile>
    <ClCompile Include="object.cpp">
      <Filter>头文件\object</Filter>
    </ClCompile>
    <ClCompile Include="physics_engine_manager.cpp">
      <Filter>头文件\manager</Filter>
    </ClCompile>
    <ClCompile Include="object_manager.cpp">
      <Filter>头文件\manager</Filter>
    </ClCompile>
    <ClCompile Include="player.cpp">
      <Filter>头文件\object</Filter>
    </ClCompile>
    <ClCompile Include="map.cpp">
      <Filter>头文件\map</Filter>
    </ClCompile>
    <ClCompile Include="wall_box.cpp">
      <Filter>头文件\physical</Filter>
    </ClCompile>
    <ClCompile Include="map_manager.cpp">
      <Filter>头文件\manager</Filter>
    </ClCompile>
    <ClCompile Include="input_method_manager.cpp">
      <Filter>头文件\manager</Filter>
    </ClCompile>
    <ClCompile Include="calculator.cpp">
      <Filter>头文件</Filter>
    </ClCompile>
    <ClCompile Include="entity.cpp">
      <Filter>头文件\object</Filter>
    </ClCompile>
  </ItemGroup>
  <ItemGroup>
    <ClInclude Include="game_manager.h">
      <Filter>头文件\manager</Filter>
    </ClInclude>
    <ClInclude Include="manager.h">
      <Filter>头文件\manager</Filter>
    </ClInclude>
    <ClInclude Include="vector2.h">
      <Filter>头文件</Filter>
    </ClInclude>
    <ClInclude Include="timer.h">
      <Filter>头文件</Filter>
    </ClInclude>
    <ClInclude Include="physics_collide_box.h">
      <Filter>头文件\physical</Filter>
    </ClInclude>
    <ClInclude Include="force.h">
      <Filter>头文件\physical</Filter>
    </ClInclude>
    <ClInclude Include="accelerated_speed.h">
      <Filter>头文件\physical</Filter>
    </ClInclude>
    <ClInclude Include="velocity.h">
      <Filter>头文件\physical</Filter>
    </ClInclude>
    <ClInclude Include="impulse.h">
      <Filter>头文件\physical</Filter>
    </ClInclude>
    <ClInclude Include="object.h">
      <Filter>头文件\object</Filter>
    </ClInclude>
    <ClInclude Include="physics_engine_manager.h">
      <Filter>头文件\manager</Filter>
    </ClInclude>
    <ClInclude Include="object_manager.h">
      <Filter>头文件\manager</Filter>
    </ClInclude>
    <ClInclude Include="player.h">
      <Filter>头文件\object</Filter>
    </ClInclude>
    <ClInclude Include="map.h">
      <Filter>头文件\map</Filter>
    </ClInclude>
    <ClInclude Include="tile.h">
      <Filter>头文件\map</Filter>
    </ClInclude>
    <ClInclude Include="wall_box.h">
      <Filter>头文件\physical</Filter>
    </ClInclude>
    <ClInclude Include="map_manager.h">
      <Filter>头文件\manager</Filter>
    </ClInclude>
    <ClInclude Include="input_method_manager.h">
      <Filter>头文件\manager</Filter>
    </ClInclude>
    <ClInclude Include="calculator.h">
      <Filter>头文件</Filter>
    </ClInclude>
    <ClInclude Include="entity.h">
      <Filter>头文件\object</Filter>
    </ClInclude>
  </ItemGroup>
</Project>