
Microsoft Visual Studio Solution File, Format Version 12.00
# Visual Studio Version 17
VisualStudioVersion = 17.14.36603.0 d17.14
MinimumVisualStudioVersion = 10.0.40219.1
Project("{8BC9CEB8-8B4A-11D0-8D11-00A0C91BC942}") = "迷宫的加载和通道开启", "迷宫的加载和通道开启\迷宫的加载和通道开启.vcxproj", "{928E413A-8618-414D-AB7D-92C3983FB1F2}"
EndProject
Global
	GlobalSection(SolutionConfigurationPlatforms) = preSolution
		Debug|x64 = Debug|x64
		Debug|x86 = Debug|x86
		Release|x64 = Release|x64
		Release|x86 = Release|x86
	EndGlobalSection
	GlobalSection(ProjectConfigurationPlatforms) = postSolution
		{928E413A-8618-414D-AB7D-92C3983FB1F2}.Debug|x64.ActiveCfg = Debug|x64
		{928E413A-8618-414D-AB7D-92C3983FB1F2}.Debug|x64.Build.0 = Debug|x64
		{928E413A-8618-414D-AB7D-92C3983FB1F2}.Debug|x86.ActiveCfg = Debug|Win32
		{928E413A-8618-414D-AB7D-92C3983FB1F2}.Debug|x86.Build.0 = Debug|Win32
		{928E413A-8618-414D-AB7D-92C3983FB1F2}.Release|x64.ActiveCfg = Release|x64
		{928E413A-8618-414D-AB7D-92C3983FB1F2}.Release|x64.Build.0 = Release|x64
		{928E413A-8618-414D-AB7D-92C3983FB1F2}.Release|x86.ActiveCfg = Release|Win32
		{928E413A-8618-414D-AB7D-92C3983FB1F2}.Release|x86.Build.0 = Release|Win32
	EndGlobalSection
	GlobalSection(SolutionProperties) = preSolution
		HideSolutionNode = FALSE
	EndGlobalSection
	GlobalSection(ExtensibilityGlobals) = postSolution
		SolutionGuid = {D99CE555-2C0A-44E4-9AF7-90042F526F54}
	EndGlobalSection
EndGlobal
